
Microsoft Visual Studio Solution File, Format Version 12.00
# Visual Studio Version 16
VisualStudioVersion = 16.0.31205.134
MinimumVisualStudioVersion = 10.0.40219.1
Project("{8BC9CEB8-8B4A-11D0-8D11-00A0C91BC942}") = "studio project 1", "studio project 1\studio project 1.vcxproj", "{C503E636-2E41-48C2-99C5-D9B25E5C8D17}"
EndProject
Global
	GlobalSection(SolutionConfigurationPlatforms) = preSolution
		Debug|x64 = Debug|x64
		Debug|x86 = Debug|x86
		Release|x64 = Release|x64
		Release|x86 = Release|x86
	EndGlobalSection
	GlobalSection(ProjectConfigurationPlatforms) = postSolution
		{C503E636-2E41-48C2-99C5-D9B25E5C8D17}.Debug|x64.ActiveCfg = Debug|x64
		{C503E636-2E41-48C2-99C5-D9B25E5C8D17}.Debug|x64.Build.0 = Debug|x64
		{C503E636-2E41-48C2-99C5-D9B25E5C8D17}.Debug|x86.ActiveCfg = Debug|Win32
		{C503E636-2E41-48C2-99C5-D9B25E5C8D17}.Debug|x86.Build.0 = Debug|Win32
		{C503E636-2E41-48C2-99C5-D9B25E5C8D17}.Release|x64.ActiveCfg = Release|x64
		{C503E636-2E41-48C2-99C5-D9B25E5C8D17}.Release|x64.Build.0 = Release|x64
		{C503E636-2E41-48C2-99C5-D9B25E5C8D17}.Release|x86.ActiveCfg = Release|Win32
		{C503E636-2E41-48C2-99C5-D9B25E5C8D17}.Release|x86.Build.0 = Release|Win32
	EndGlobalSection
	GlobalSection(SolutionProperties) = preSolution
		HideSolutionNode = FALSE
	EndGlobalSection
	GlobalSection(ExtensibilityGlobals) = postSolution
		SolutionGuid = {BFEA74C3-2BB3-4F21-BDA0-C89DD7A283C7}
	EndGlobalSection
EndGlobal
